<Solution>
  <Folder Name="/ApiGateways/">
    <Project Path="ApiGateways/YarpApiGateway/YarpApiGateway.csproj" />
  </Folder>
  <Folder Name="/BuildingBlocks/">
    <Project Path="BuildingBlocks/BuildingBlocks.API/BuildingBlocks.API.csproj" />
    <Project Path="BuildingBlocks/BuildingBlocks.Application/BuildingBlocks.Application.csproj" />
    <Project Path="BuildingBlocks/BuildingBlocks.Contracts/BuildingBlocks.Contracts.csproj" />
    <Project Path="BuildingBlocks/BuildingBlocks.Domain/BuildingBlocks.Domain.csproj" />
    <Project Path="BuildingBlocks/BuildingBlocks.Infrastructure/BuildingBlocks.Infrastructure.csproj" />
  </Folder>
  <Folder Name="/Services/" />
  <Folder Name="/Services/AI/">
    <Project Path="Services/AI/AI.API/AI.API.csproj" />
    <Project Path="Services/AI/AI.Common/AI.Common.csproj" />
    <Project Path="Services/AI/AI.Infrastructure/AI.Infrastructure.csproj" />
  </Folder>
  <Folder Name="/Services/Catalog/">
    <Project Path="Services/Catalog/Catalog.API/Catalog.API.csproj" />
    <Project Path="Services/Catalog/Catalog.Application/Catalog.Application.csproj" />
    <Project Path="Services/Catalog/Catalog.Common/Catalog.Common.csproj" />
    <Project Path="Services/Catalog/Catalog.Domain/Catalog.Domain.csproj" />
    <Project Path="Services/Catalog/Catalog.Infrastructure/Catalog.Infrastructure.csproj" />
  </Folder>
  <Folder Name="/Services/Finance/">
    <Project Path="Services/Finance/Finance.API/Finance.API.csproj" />
    <Project Path="Services/Finance/Finance.Common/Finance.Common.csproj" />
    <Project Path="Services/Finance/Finance.Infrastructure/Finance.Infrastructure.csproj" />
  </Folder>
  <Folder Name="/Services/Identity/">
    <Project Path="Services/Identity/Identity.API/Identity.API.csproj" />
    <Project Path="Services/Identity/Identity.Application/Identity.Application.csproj" />
    <Project Path="Services/Identity/Identity.Common/Identity.Common.csproj" />
    <Project Path="Services/Identity/Identity.Domain/Identity.Domain.csproj" />
    <Project Path="Services/Identity/Identity.Infrastructure/Identity.Infrastructure.csproj" />
    <Project Path="Services/Identity/Identity.UnitTest/Identity.UnitTest.csproj" />
  </Folder>
  <Folder Name="/Services/Inventory/">
    <Project Path="Services/Inventory/Inventory.API/Inventory.API.csproj" />
    <Project Path="Services/Inventory/Inventory.Common/Inventory.Common.csproj" />
    <Project Path="Services/Inventory/Inventory.Infrastructure/Inventory.Infrastructure.csproj" />
  </Folder>
  <Folder Name="/Services/Notification/">
    <Project Path="Services/Notification/Notification.API/Notification.API.csproj" />
    <Project Path="Services/Notification/Notification.Common/Notification.Common.csproj" />
    <Project Path="Services/Notification/Notification.Infrastructure/Notification.Infrastructure.csproj" />
    <Project Path="Services/Notification/Notification.Worker/Notification.Worker.csproj" />
  </Folder>
  <Folder Name="/docker/">
   <File Path="docker/infra/docker-compose.yml" />
   <File Path="docker/infra/.env.example" />
   <File Path="docker/infra/README.md" />
  </Folder>
  <Folder Name="/docker/prod/">
   <File Path="docker/prod/docker-compose.prod.yml" />
   <File Path="docker/prod/.env.example" />
   <File Path="docker/prod/.gitignore" />
   <File Path="docker/prod/Caddyfile" />
   <File Path="docker/prod/init-hangfire-db.sql" />
  </Folder>
  <Folder Name="/docker/prod/appsettings-templates/">
   <File Path="docker/prod/appsettings-templates/YarpApiGateway.appsettings.Production.json" />
  </Folder>
  <Folder Name="/Services/Ordering/">
    <Project Path="Services/Ordering/Ordering.API/Ordering.API.csproj" />
    <Project Path="Services/Ordering/Ordering.Common/Ordering.Common.csproj" />
    <Project Path="Services/Ordering/Ordering.Infrastructure/Ordering.Infrastructure.csproj" />
  </Folder>
  <Folder Name="/Services/Payment/">
    <Project Path="Services/Payment/Payment.API/Payment.API.csproj" />
    <Project Path="Services/Payment/Payment.Common/Payment.Common.csproj" />
    <Project Path="Services/Payment/Payment.Infrastructure/Payment.Infrastructure.csproj" />
  </Folder>
</Solution>
